PODS:
  - Charts (3.0.2):
    - Charts/Core (= 3.0.2)
  - Charts/Core (3.0.2)
  - FontAwesome.swift (1.1.1)

DEPENDENCIES:
  - Charts
  - FontAwesome.swift

SPEC CHECKSUMS:
  Charts: 236d6ccdd0ce6feae151d89e829a7397381a21fd
  FontAwesome.swift: f4ff5a9199dc3b510eba5bb377e834f159aef358

PODFILE CHECKSUM: 49a2b254ee116ab3daa94f2a1302bd0c280beef2

COCOAPODS: 1.2.0
