PODS:
  - Charts (3.2.0):
    - Charts/Core (= 3.2.0)
  - Charts/Core (3.2.0)
  - FontAwesome.swift (1.4.4)
  - UIKitten (0.1.0):
    - UIKitten/Core (= 0.1.0)
  - UIKitten/Charts (0.1.0):
    - Charts
    - UIKitten/Core
  - UIKitten/Core (0.1.0)
  - UIKitten/Icons (0.1.0):
    - FontAwesome.swift
    - UIKitten/Core

DEPENDENCIES:
  - UIKitten (from `../`)
  - UIKitten/Charts (from `../`)
  - UIKitten/Icons (from `../`)

SPEC REPOS:
  https://github.com/cocoapods/specs.git:
    - Charts
    - FontAwesome.swift

EXTERNAL SOURCES:
  UIKitten:
    :path: "../"

SPEC CHECKSUMS:
  Charts: 680c8328bd5e90cb14f67e00d2176f3113d19141
  FontAwesome.swift: 17b93524b9f61136a8566344517b8556ed584e87
  UIKitten: 14c66d29f55de71055c499efade4c0bf19bf077b

PODFILE CHECKSUM: 011f8263e39ea9f777399aefb3adb355505d8f66

COCOAPODS: 1.5.3
