PODS:
  - Afflato (0.1.0):
    - Afflato/Core (= 0.1.0)
  - Afflato/Core (0.1.0):
    - FontAwesome.swift
  - FontAwesome.swift (1.0.0)

DEPENDENCIES:
  - Afflato (from `../`)

EXTERNAL SOURCES:
  Afflato:
    :path: "../"

SPEC CHECKSUMS:
  Afflato: '099bc0248d9e5c37d88bbace712803a7be44baf2'
  FontAwesome.swift: 2d32a3d62195343c2004b7c9043294ed2948553a

PODFILE CHECKSUM: 194ec0a8fe2289061dda0b16e8d622e22c8dac2b

COCOAPODS: 1.2.0
